
Microsoft Visual Studio Solution File, Format Version 12.00
# Visual Studio Version 16
VisualStudioVersion = 16.0.29411.108
MinimumVisualStudioVersion = 10.0.40219.1
Project("{FAE04EC0-301F-11D3-BF4B-00C04F79EFBC}") = "JSONpokemon", "JSONpokemon\JSONpokemon.csproj", "{221E61B6-DA55-45A1-91FC-80C80F4B2FD0}"
EndProject
Global
	GlobalSection(SolutionConfigurationPlatforms) = preSolution
		Debug|Any CPU = Debug|Any CPU
		Release|Any CPU = Release|Any CPU
	EndGlobalSection
	GlobalSection(ProjectConfigurationPlatforms) = postSolution
		{221E61B6-DA55-45A1-91FC-80C80F4B2FD0}.Debug|Any CPU.ActiveCfg = Debug|Any CPU
		{221E61B6-DA55-45A1-91FC-80C80F4B2FD0}.Debug|Any CPU.Build.0 = Debug|Any CPU
		{221E61B6-DA55-45A1-91FC-80C80F4B2FD0}.Release|Any CPU.ActiveCfg = Release|Any CPU
		{221E61B6-DA55-45A1-91FC-80C80F4B2FD0}.Release|Any CPU.Build.0 = Release|Any CPU
	EndGlobalSection
	GlobalSection(SolutionProperties) = preSolution
		HideSolutionNode = FALSE
	EndGlobalSection
	GlobalSection(ExtensibilityGlobals) = postSolution
		SolutionGuid = {B8B1666F-0B44-41E8-BA03-6692BBE0EE47}
	EndGlobalSection
EndGlobal
